
Microsoft Visual Studio Solution File, Format Version 12.00
# Visual Studio Version 17
VisualStudioVersion = 17.14.36518.9 d17.14
MinimumVisualStudioVersion = 10.0.40219.1
Project("{FAE04EC0-301F-11D3-BF4B-00C04F79EFBC}") = "DND.Domain", "DND.Domain\DND.Domain.csproj", "{EE097908-3AA0-49F7-A771-5DA8BA448B77}"
EndProject
Project("{FAE04EC0-301F-11D3-BF4B-00C04F79EFBC}") = "DND.Application", "DND.Application\DND.Application.csproj", "{1B3C3232-3890-4001-825A-5C4769E45E90}"
EndProject
Project("{FAE04EC0-301F-11D3-BF4B-00C04F79EFBC}") = "DND.Infrastructure", "DND.Infrastructure\DND.Infrastructure.csproj", "{51BBBA5C-BA7F-4414-9D37-DB96CDF40D30}"
EndProject
Project("{FAE04EC0-301F-11D3-BF4B-00C04F79EFBC}") = "DND.Simulator.UI", "DND.Simulator.UI\DND.Simulator.UI.csproj", "{C64D45E7-7A83-4DAD-A7D7-B32FD1E0A138}"
EndProject
Project("{FAE04EC0-301F-11D3-BF4B-00C04F79EFBC}") = "DND.Tests", "DND.Tests\DND.Tests.csproj", "{6CDDFD35-BB40-4F1C-84E5-A3C35C5D32C6}"
EndProject
Project("{2150E333-8FDC-42A3-9474-1A3956D46DE8}") = "Documentation", "Documentation", "{02EA681E-C7D8-13C7-8484-4AC65E1B71E8}"
EndProject
Project("{2150E333-8FDC-42A3-9474-1A3956D46DE8}") = "Design", "Design", "{2F45EB61-7464-45A5-BACC-A2F3B8E12073}"
EndProject
Project("{2150E333-8FDC-42A3-9474-1A3956D46DE8}") = "01 - General", "01 - General", "{0360FABC-DCE8-405A-AD33-F0CD1EA006C1}"
	ProjectSection(SolutionItems) = preProject
		General Design.txt = General Design.txt
	EndProjectSection
EndProject
Project("{2150E333-8FDC-42A3-9474-1A3956D46DE8}") = "02 - Architechture", "02 - Architechture", "{ADCFA3B9-72CE-41CC-9C05-9C2E203CD73D}"
	ProjectSection(SolutionItems) = preProject
		Architechtural design.txt = Architechtural design.txt
	EndProjectSection
EndProject
Global
	GlobalSection(SolutionConfigurationPlatforms) = preSolution
		Debug|Any CPU = Debug|Any CPU
		Release|Any CPU = Release|Any CPU
	EndGlobalSection
	GlobalSection(ProjectConfigurationPlatforms) = postSolution
		{EE097908-3AA0-49F7-A771-5DA8BA448B77}.Debug|Any CPU.ActiveCfg = Debug|Any CPU
		{EE097908-3AA0-49F7-A771-5DA8BA448B77}.Debug|Any CPU.Build.0 = Debug|Any CPU
		{EE097908-3AA0-49F7-A771-5DA8BA448B77}.Release|Any CPU.ActiveCfg = Release|Any CPU
		{EE097908-3AA0-49F7-A771-5DA8BA448B77}.Release|Any CPU.Build.0 = Release|Any CPU
		{1B3C3232-3890-4001-825A-5C4769E45E90}.Debug|Any CPU.ActiveCfg = Debug|Any CPU
		{1B3C3232-3890-4001-825A-5C4769E45E90}.Debug|Any CPU.Build.0 = Debug|Any CPU
		{1B3C3232-3890-4001-825A-5C4769E45E90}.Release|Any CPU.ActiveCfg = Release|Any CPU
		{1B3C3232-3890-4001-825A-5C4769E45E90}.Release|Any CPU.Build.0 = Release|Any CPU
		{51BBBA5C-BA7F-4414-9D37-DB96CDF40D30}.Debug|Any CPU.ActiveCfg = Debug|Any CPU
		{51BBBA5C-BA7F-4414-9D37-DB96CDF40D30}.Debug|Any CPU.Build.0 = Debug|Any CPU
		{51BBBA5C-BA7F-4414-9D37-DB96CDF40D30}.Release|Any CPU.ActiveCfg = Release|Any CPU
		{51BBBA5C-BA7F-4414-9D37-DB96CDF40D30}.Release|Any CPU.Build.0 = Release|Any CPU
		{C64D45E7-7A83-4DAD-A7D7-B32FD1E0A138}.Debug|Any CPU.ActiveCfg = Debug|Any CPU
		{C64D45E7-7A83-4DAD-A7D7-B32FD1E0A138}.Debug|Any CPU.Build.0 = Debug|Any CPU
		{C64D45E7-7A83-4DAD-A7D7-B32FD1E0A138}.Release|Any CPU.ActiveCfg = Release|Any CPU
		{C64D45E7-7A83-4DAD-A7D7-B32FD1E0A138}.Release|Any CPU.Build.0 = Release|Any CPU
		{6CDDFD35-BB40-4F1C-84E5-A3C35C5D32C6}.Debug|Any CPU.ActiveCfg = Debug|Any CPU
		{6CDDFD35-BB40-4F1C-84E5-A3C35C5D32C6}.Debug|Any CPU.Build.0 = Debug|Any CPU
		{6CDDFD35-BB40-4F1C-84E5-A3C35C5D32C6}.Release|Any CPU.ActiveCfg = Release|Any CPU
		{6CDDFD35-BB40-4F1C-84E5-A3C35C5D32C6}.Release|Any CPU.Build.0 = Release|Any CPU
	EndGlobalSection
	GlobalSection(SolutionProperties) = preSolution
		HideSolutionNode = FALSE
	EndGlobalSection
	GlobalSection(NestedProjects) = preSolution
		{2F45EB61-7464-45A5-BACC-A2F3B8E12073} = {02EA681E-C7D8-13C7-8484-4AC65E1B71E8}
		{0360FABC-DCE8-405A-AD33-F0CD1EA006C1} = {2F45EB61-7464-45A5-BACC-A2F3B8E12073}
		{ADCFA3B9-72CE-41CC-9C05-9C2E203CD73D} = {2F45EB61-7464-45A5-BACC-A2F3B8E12073}
	EndGlobalSection
	GlobalSection(ExtensibilityGlobals) = postSolution
		SolutionGuid = {91823FAB-6DF8-4CE4-8736-55CF4EEDA2E9}
	EndGlobalSection
EndGlobal
